
Microsoft Visual Studio Solution File, Format Version 12.00
# Visual Studio 15
VisualStudioVersion = 15.0.27130.2036
MinimumVisualStudioVersion = 10.0.40219.1
Project("{FAE04EC0-301F-11D3-BF4B-00C04F79EFBC}") = "RQM.Api", "RQM.Api\RQM.Api.csproj", "{AF06DFFB-C048-4CDC-9DD7-79255AFB3373}"
EndProject
Project("{FAE04EC0-301F-11D3-BF4B-00C04F79EFBC}") = "RQM.OP", "RQM.OP\RQM.OP.csproj", "{C4595BC9-F985-4E44-A543-68F3F1905249}"
EndProject
Project("{FAE04EC0-301F-11D3-BF4B-00C04F79EFBC}") = "RQM.Data", "RQM.Data\RQM.Data.csproj", "{74B05966-53B1-46EE-A151-C8C7B3EF9A8D}"
EndProject
Project("{FAE04EC0-301F-11D3-BF4B-00C04F79EFBC}") = "RQM.Common", "RQM.Common\RQM.Common.csproj", "{2BED9827-F26D-4FDF-8C5D-DB345C2A4CB1}"
EndProject
Project("{FAE04EC0-301F-11D3-BF4B-00C04F79EFBC}") = "RQM.Tool", "RQM.Tool\RQM.Tool.csproj", "{3129238E-CB30-4F85-92EA-1CC1E3C8EBA1}"
EndProject
Project("{FAE04EC0-301F-11D3-BF4B-00C04F79EFBC}") = "RQM.Resource", "RQM.Resource\RQM.Resource.csproj", "{37EB3DA1-DD4C-4A39-94D3-65D7A041384D}"
EndProject
Global
	GlobalSection(SolutionConfigurationPlatforms) = preSolution
		Debug|Any CPU = Debug|Any CPU
		Release|Any CPU = Release|Any CPU
	EndGlobalSection
	GlobalSection(ProjectConfigurationPlatforms) = postSolution
		{AF06DFFB-C048-4CDC-9DD7-79255AFB3373}.Debug|Any CPU.ActiveCfg = Debug|Any CPU
		{AF06DFFB-C048-4CDC-9DD7-79255AFB3373}.Debug|Any CPU.Build.0 = Debug|Any CPU
		{AF06DFFB-C048-4CDC-9DD7-79255AFB3373}.Release|Any CPU.ActiveCfg = Release|Any CPU
		{AF06DFFB-C048-4CDC-9DD7-79255AFB3373}.Release|Any CPU.Build.0 = Release|Any CPU
		{C4595BC9-F985-4E44-A543-68F3F1905249}.Debug|Any CPU.ActiveCfg = Debug|Any CPU
		{C4595BC9-F985-4E44-A543-68F3F1905249}.Debug|Any CPU.Build.0 = Debug|Any CPU
		{C4595BC9-F985-4E44-A543-68F3F1905249}.Release|Any CPU.ActiveCfg = Release|Any CPU
		{C4595BC9-F985-4E44-A543-68F3F1905249}.Release|Any CPU.Build.0 = Release|Any CPU
		{74B05966-53B1-46EE-A151-C8C7B3EF9A8D}.Debug|Any CPU.ActiveCfg = Debug|Any CPU
		{74B05966-53B1-46EE-A151-C8C7B3EF9A8D}.Debug|Any CPU.Build.0 = Debug|Any CPU
		{74B05966-53B1-46EE-A151-C8C7B3EF9A8D}.Release|Any CPU.ActiveCfg = Release|Any CPU
		{74B05966-53B1-46EE-A151-C8C7B3EF9A8D}.Release|Any CPU.Build.0 = Release|Any CPU
		{2BED9827-F26D-4FDF-8C5D-DB345C2A4CB1}.Debug|Any CPU.ActiveCfg = Debug|Any CPU
		{2BED9827-F26D-4FDF-8C5D-DB345C2A4CB1}.Debug|Any CPU.Build.0 = Debug|Any CPU
		{2BED9827-F26D-4FDF-8C5D-DB345C2A4CB1}.Release|Any CPU.ActiveCfg = Release|Any CPU
		{2BED9827-F26D-4FDF-8C5D-DB345C2A4CB1}.Release|Any CPU.Build.0 = Release|Any CPU
		{3129238E-CB30-4F85-92EA-1CC1E3C8EBA1}.Debug|Any CPU.ActiveCfg = Debug|Any CPU
		{3129238E-CB30-4F85-92EA-1CC1E3C8EBA1}.Debug|Any CPU.Build.0 = Debug|Any CPU
		{3129238E-CB30-4F85-92EA-1CC1E3C8EBA1}.Release|Any CPU.ActiveCfg = Release|Any CPU
		{3129238E-CB30-4F85-92EA-1CC1E3C8EBA1}.Release|Any CPU.Build.0 = Release|Any CPU
		{37EB3DA1-DD4C-4A39-94D3-65D7A041384D}.Debug|Any CPU.ActiveCfg = Debug|Any CPU
		{37EB3DA1-DD4C-4A39-94D3-65D7A041384D}.Debug|Any CPU.Build.0 = Debug|Any CPU
		{37EB3DA1-DD4C-4A39-94D3-65D7A041384D}.Release|Any CPU.ActiveCfg = Release|Any CPU
		{37EB3DA1-DD4C-4A39-94D3-65D7A041384D}.Release|Any CPU.Build.0 = Release|Any CPU
	EndGlobalSection
	GlobalSection(SolutionProperties) = preSolution
		HideSolutionNode = FALSE
	EndGlobalSection
	GlobalSection(ExtensibilityGlobals) = postSolution
		SolutionGuid = {CC2F31C5-77B4-42D6-90F6-FFC2D8CA370B}
	EndGlobalSection
EndGlobal
